// !$*UTF8*$!
{
	archiveVersion = 1;
	classes = {
	};
	objectVersion = 46;
	objects = {

/* Begin PBXBuildFile section */
		1D3623260D0F684500981E51 /* Keeping_Food_Safe_and_FreshAppDelegate.m in Sources */ = {isa = PBXBuildFile; fileRef = 1D3623250D0F684500981E51 /* Keeping_Food_Safe_and_FreshAppDelegate.m */; };
		1D60589B0D05DD56006BFB54 /* main.m in Sources */ = {isa = PBXBuildFile; fileRef = 29B97316FDCFA39411CA2CEA /* main.m */; };
		1D60589F0D05DD5A006BFB54 /* Foundation.framework in Frameworks */ = {isa = PBXBuildFile; fileRef = 1D30AB110D05D00D00671497 /* Foundation.framework */; };
		1DF5F4E00D08C38300B7A737 /* UIKit.framework in Frameworks */ = {isa = PBXBuildFile; fileRef = 1DF5F4DF0D08C38300B7A737 /* UIKit.framework */; };
		2892E4100DC94CBA00A64D0F /* CoreGraphics.framework in Frameworks */ = {isa = PBXBuildFile; fileRef = 2892E40F0DC94CBA00A64D0F /* CoreGraphics.framework */; };
		2899E5600DE3E45000AC0155 /* RootViewController.xib in Resources */ = {isa = PBXBuildFile; fileRef = 2899E55F0DE3E45000AC0155 /* RootViewController.xib */; };
		28AD73600D9D9599002E5188 /* MainWindow.xib in Resources */ = {isa = PBXBuildFile; fileRef = 28AD735F0D9D9599002E5188 /* MainWindow.xib */; };
		28C286E10D94DF7D0034E888 /* RootViewController.m in Sources */ = {isa = PBXBuildFile; fileRef = 28C286E00D94DF7D0034E888 /* RootViewController.m */; };
		7C1411461A86DE9F00EC3821 /* Default-568h@2x.png in Resources */ = {isa = PBXBuildFile; fileRef = 7C1411451A86DE9F00EC3821 /* Default-568h@2x.png */; };
		7C1411481A86E2A200EC3821 /* Warnings.xcconfig in Resources */ = {isa = PBXBuildFile; fileRef = 7C1411471A86E2A200EC3821 /* Warnings.xcconfig */; };
		8508BC521129C8D100A89EBC /* Icon.png in Resources */ = {isa = PBXBuildFile; fileRef = 8508BC511129C8D100A89EBC /* Icon.png */; };
		851781B2102A2BE2009DE18C /* libsqlite3.0.dylib in Frameworks */ = {isa = PBXBuildFile; fileRef = 851781B1102A2BE2009DE18C /* libsqlite3.0.dylib */; };
		85229DDA10A2254400F7FEA1 /* Apples.png in Resources */ = {isa = PBXBuildFile; fileRef = 85229DC110A2254400F7FEA1 /* Apples.png */; };
		85229DDB10A2254400F7FEA1 /* Apricots.png in Resources */ = {isa = PBXBuildFile; fileRef = 85229DC210A2254400F7FEA1 /* Apricots.png */; };
		85229DDD10A2254400F7FEA1 /* Bananas.png in Resources */ = {isa = PBXBuildFile; fileRef = 85229DC410A2254400F7FEA1 /* Bananas.png */; };
		85229DDF10A2254400F7FEA1 /* Cantaloupe.png in Resources */ = {isa = PBXBuildFile; fileRef = 85229DC610A2254400F7FEA1 /* Cantaloupe.png */; };
		85229DE010A2254400F7FEA1 /* Cherries.png in Resources */ = {isa = PBXBuildFile; fileRef = 85229DC710A2254400F7FEA1 /* Cherries.png */; };
		85229DE310A2254400F7FEA1 /* Grapes.png in Resources */ = {isa = PBXBuildFile; fileRef = 85229DCA10A2254400F7FEA1 /* Grapes.png */; };
		85229DE510A2254400F7FEA1 /* Kiwi.png in Resources */ = {isa = PBXBuildFile; fileRef = 85229DCC10A2254400F7FEA1 /* Kiwi.png */; };
		85229DE610A2254400F7FEA1 /* Lemons.png in Resources */ = {isa = PBXBuildFile; fileRef = 85229DCD10A2254400F7FEA1 /* Lemons.png */; };
		85229DE710A2254400F7FEA1 /* Limes.png in Resources */ = {isa = PBXBuildFile; fileRef = 85229DCE10A2254400F7FEA1 /* Limes.png */; };
		85229DE810A2254400F7FEA1 /* Mango.png in Resources */ = {isa = PBXBuildFile; fileRef = 85229DCF10A2254400F7FEA1 /* Mango.png */; };
		85229DE910A2254400F7FEA1 /* Nectarines.png in Resources */ = {isa = PBXBuildFile; fileRef = 85229DD010A2254400F7FEA1 /* Nectarines.png */; };
		85229DEA10A2254400F7FEA1 /* Oranges.png in Resources */ = {isa = PBXBuildFile; fileRef = 85229DD110A2254400F7FEA1 /* Oranges.png */; };
		85229DEB10A2254400F7FEA1 /* Papaya.png in Resources */ = {isa = PBXBuildFile; fileRef = 85229DD210A2254400F7FEA1 /* Papaya.png */; };
		85229DEC10A2254400F7FEA1 /* Peaches.png in Resources */ = {isa = PBXBuildFile; fileRef = 85229DD310A2254400F7FEA1 /* Peaches.png */; };
		85229DED10A2254400F7FEA1 /* Pears.png in Resources */ = {isa = PBXBuildFile; fileRef = 85229DD410A2254400F7FEA1 /* Pears.png */; };
		85229DEE10A2254400F7FEA1 /* Pineapples.png in Resources */ = {isa = PBXBuildFile; fileRef = 85229DD510A2254400F7FEA1 /* Pineapples.png */; };
		85229DEF10A2254400F7FEA1 /* Plums.png in Resources */ = {isa = PBXBuildFile; fileRef = 85229DD610A2254400F7FEA1 /* Plums.png */; };
		85229DF010A2254400F7FEA1 /* Strawberries.png in Resources */ = {isa = PBXBuildFile; fileRef = 85229DD710A2254400F7FEA1 /* Strawberries.png */; };
		85229DF110A2254400F7FEA1 /* Tangerines.png in Resources */ = {isa = PBXBuildFile; fileRef = 85229DD810A2254400F7FEA1 /* Tangerines.png */; };
		85229DF210A2254400F7FEA1 /* Watermelon.png in Resources */ = {isa = PBXBuildFile; fileRef = 85229DD910A2254400F7FEA1 /* Watermelon.png */; };
		85229DFD10A2269C00F7FEA1 /* Avocados.png in Resources */ = {isa = PBXBuildFile; fileRef = 85229DF810A2269C00F7FEA1 /* Avocados.png */; };
		85229DFE10A2269C00F7FEA1 /* Berriesstrawberriesarelistedseparately.png in Resources */ = {isa = PBXBuildFile; fileRef = 85229DF910A2269C00F7FEA1 /* Berriesstrawberriesarelistedseparately.png */; };
		85229DFF10A2269C00F7FEA1 /* CoconutsFresh.png in Resources */ = {isa = PBXBuildFile; fileRef = 85229DFA10A2269C00F7FEA1 /* CoconutsFresh.png */; };
		85229E0010A2269C00F7FEA1 /* Grapefruit.png in Resources */ = {isa = PBXBuildFile; fileRef = 85229DFB10A2269C00F7FEA1 /* Grapefruit.png */; };
		85229E0110A2269C00F7FEA1 /* HoneydewMelon.png in Resources */ = {isa = PBXBuildFile; fileRef = 85229DFC10A2269C00F7FEA1 /* HoneydewMelon.png */; };
		85229E3010A23A0D00F7FEA1 /* ArtichokesWhole.png in Resources */ = {isa = PBXBuildFile; fileRef = 85229E0910A23A0D00F7FEA1 /* ArtichokesWhole.png */; };
		85229E3110A23A0D00F7FEA1 /* Asparagus.png in Resources */ = {isa = PBXBuildFile; fileRef = 85229E0A10A23A0D00F7FEA1 /* Asparagus.png */; };
		85229E3210A23A0D00F7FEA1 /* BeansGreenSnapWax.png in Resources */ = {isa = PBXBuildFile; fileRef = 85229E0B10A23A0D00F7FEA1 /* BeansGreenSnapWax.png */; };
		85229E3310A23A0D00F7FEA1 /* Beets.png in Resources */ = {isa = PBXBuildFile; fileRef = 85229E0C10A23A0D00F7FEA1 /* Beets.png */; };
		85229E3410A23A0D00F7FEA1 /* Bokchoy.png in Resources */ = {isa = PBXBuildFile; fileRef = 85229E0D10A23A0D00F7FEA1 /* Bokchoy.png */; };
		85229E3510A23A0D00F7FEA1 /* Broccoli.png in Resources */ = {isa = PBXBuildFile; fileRef = 85229E0E10A23A0D00F7FEA1 /* Broccoli.png */; };
		85229E3610A23A0D00F7FEA1 /* BrusselsSprouts.png in Resources */ = {isa = PBXBuildFile; fileRef = 85229E0F10A23A0D00F7FEA1 /* BrusselsSprouts.png */; };
		85229E3710A23A0D00F7FEA1 /* CabbageGreenRed.png in Resources */ = {isa = PBXBuildFile; fileRef = 85229E1010A23A0D00F7FEA1 /* CabbageGreenRed.png */; };
		85229E3810A23A0D00F7FEA1 /* Carrots.png in Resources */ = {isa = PBXBuildFile; fileRef = 85229E1110A23A0D00F7FEA1 /* Carrots.png */; };
		85229E3910A23A0D00F7FEA1 /* Cauliflower.png in Resources */ = {isa = PBXBuildFile; fileRef = 85229E1210A23A0D00F7FEA1 /* Cauliflower.png */; };
		85229E3A10A23A0D00F7FEA1 /* Celery.png in Resources */ = {isa = PBXBuildFile; fileRef = 85229E1310A23A0D00F7FEA1 /* Celery.png */; };
		85229E3B10A23A0D00F7FEA1 /* Cornonthecob.png in Resources */ = {isa = PBXBuildFile; fileRef = 85229E1410A23A0D00F7FEA1 /* Cornonthecob.png */; };
		85229E3C10A23A0D00F7FEA1 /* Cucumbers.png in Resources */ = {isa = PBXBuildFile; fileRef = 85229E1510A23A0D00F7FEA1 /* Cucumbers.png */; };
		85229E3D10A23A0D00F7FEA1 /* Eggplant.png in Resources */ = {isa = PBXBuildFile; fileRef = 85229E1610A23A0D00F7FEA1 /* Eggplant.png */; };
		85229E3E10A23A0D00F7FEA1 /* Garlic.png in Resources */ = {isa = PBXBuildFile; fileRef = 85229E1710A23A0D00F7FEA1 /* Garlic.png */; };
		85229E3F10A23A0D00F7FEA1 /* GingerRoot.png in Resources */ = {isa = PBXBuildFile; fileRef = 85229E1810A23A0D00F7FEA1 /* GingerRoot.png */; };
		85229E4010A23A0D00F7FEA1 /* GreensLeafy.png in Resources */ = {isa = PBXBuildFile; fileRef = 85229E1910A23A0D00F7FEA1 /* GreensLeafy.png */; };
		85229E4110A23A0D00F7FEA1 /* HerbsFresh.png in Resources */ = {isa = PBXBuildFile; fileRef = 85229E1A10A23A0D00F7FEA1 /* HerbsFresh.png */; };
		85229E4210A23A0D00F7FEA1 /* Leeks.png in Resources */ = {isa = PBXBuildFile; fileRef = 85229E1B10A23A0D00F7FEA1 /* Leeks.png */; };
		85229E4310A23A0D00F7FEA1 /* LettuceIceberg.png in Resources */ = {isa = PBXBuildFile; fileRef = 85229E1C10A23A0D00F7FEA1 /* LettuceIceberg.png */; };
		85229E4610A23A0D00F7FEA1 /* LettuceRomaine.png in Resources */ = {isa = PBXBuildFile; fileRef = 85229E1F10A23A0D00F7FEA1 /* LettuceRomaine.png */; };
		85229E4710A23A0D00F7FEA1 /* Mushrooms.png in Resources */ = {isa = PBXBuildFile; fileRef = 85229E2010A23A0D00F7FEA1 /* Mushrooms.png */; };
		85229E4810A23A0D00F7FEA1 /* Okra.png in Resources */ = {isa = PBXBuildFile; fileRef = 85229E2110A23A0D00F7FEA1 /* Okra.png */; };
		85229E4A10A23A0D00F7FEA1 /* OnionsGreenscallions.png in Resources */ = {isa = PBXBuildFile; fileRef = 85229E2310A23A0D00F7FEA1 /* OnionsGreenscallions.png */; };
		85229E4B10A23A0D00F7FEA1 /* Parsley.png in Resources */ = {isa = PBXBuildFile; fileRef = 85229E2410A23A0D00F7FEA1 /* Parsley.png */; };
		85229E4C10A23A0D00F7FEA1 /* Parsnips.png in Resources */ = {isa = PBXBuildFile; fileRef = 85229E2510A23A0D00F7FEA1 /* Parsnips.png */; };
		85229E4D10A23A0D00F7FEA1 /* PeppersBellChili.png in Resources */ = {isa = PBXBuildFile; fileRef = 85229E2610A23A0D00F7FEA1 /* PeppersBellChili.png */; };
		85229E4E10A23A0D00F7FEA1 /* Potatoes.png in Resources */ = {isa = PBXBuildFile; fileRef = 85229E2710A23A0D00F7FEA1 /* Potatoes.png */; };
		85229E5010A23A0D00F7FEA1 /* Radishes.png in Resources */ = {isa = PBXBuildFile; fileRef = 85229E2910A23A0D00F7FEA1 /* Radishes.png */; };
		85229E5110A23A0D00F7FEA1 /* Rutabagas.png in Resources */ = {isa = PBXBuildFile; fileRef = 85229E2A10A23A0D00F7FEA1 /* Rutabagas.png */; };
		85229E5210A23A0D00F7FEA1 /* SpinachLeaf.png in Resources */ = {isa = PBXBuildFile; fileRef = 85229E2B10A23A0D00F7FEA1 /* SpinachLeaf.png */; };
		85229E5310A23A0D00F7FEA1 /* SquashSummer.png in Resources */ = {isa = PBXBuildFile; fileRef = 85229E2C10A23A0D00F7FEA1 /* SquashSummer.png */; };
		85229E5410A23A0D00F7FEA1 /* SquashWinter.png in Resources */ = {isa = PBXBuildFile; fileRef = 85229E2D10A23A0D00F7FEA1 /* SquashWinter.png */; };
		85229E5510A23A0D00F7FEA1 /* Tomatoes.png in Resources */ = {isa = PBXBuildFile; fileRef = 85229E2E10A23A0D00F7FEA1 /* Tomatoes.png */; };
		85229E5610A23A0D00F7FEA1 /* Turnips.png in Resources */ = {isa = PBXBuildFile; fileRef = 85229E2F10A23A0D00F7FEA1 /* Turnips.png */; };
		85229E6510A23C2D00F7FEA1 /* LettuceLeafincludesseveralvarieties.png in Resources */ = {isa = PBXBuildFile; fileRef = 85229E6110A23C2D00F7FEA1 /* LettuceLeafincludesseveralvarieties.png */; };
		85229E6610A23C2D00F7FEA1 /* LettucePackagedPre-WashedandCut.png in Resources */ = {isa = PBXBuildFile; fileRef = 85229E6210A23C2D00F7FEA1 /* LettucePackagedPre-WashedandCut.png */; };
		85229E6710A23C2D00F7FEA1 /* OnionsDryyellowwhiteandred.png in Resources */ = {isa = PBXBuildFile; fileRef = 85229E6310A23C2D00F7FEA1 /* OnionsDryyellowwhiteandred.png */; };
		85229E6810A23C2D00F7FEA1 /* PotatoesSweet.png in Resources */ = {isa = PBXBuildFile; fileRef = 85229E6410A23C2D00F7FEA1 /* PotatoesSweet.png */; };
		8527A6BD101F9F92001CBFF9 /* ArtichokesWhole.html in Resources */ = {isa = PBXBuildFile; fileRef = 8527A6BC101F9F92001CBFF9 /* ArtichokesWhole.html */; };
		853766F2102108FB007C138D /* NotYetImplemented.html in Resources */ = {isa = PBXBuildFile; fileRef = 853766F1102108FB007C138D /* NotYetImplemented.html */; };
		8537672110210E19007C138D /* Apricots.html in Resources */ = {isa = PBXBuildFile; fileRef = 8537672010210E19007C138D /* Apricots.html */; };
		8537676010210E70007C138D /* Asparagus.html in Resources */ = {isa = PBXBuildFile; fileRef = 8537675F10210E70007C138D /* Asparagus.html */; };
		855F31D3102B572D003B6D6F /* FoodSafety.sqlite in Resources */ = {isa = PBXBuildFile; fileRef = 855F31D2102B572D003B6D6F /* FoodSafety.sqlite */; };
		8564E5771027638D0069D9C4 /* Categories.plist in Resources */ = {isa = PBXBuildFile; fileRef = 8564E5761027638D0069D9C4 /* Categories.plist */; };
		85671F631021EF6700EADED7 /* Level2Controller.m in Sources */ = {isa = PBXBuildFile; fileRef = 85671F621021EF6700EADED7 /* Level2Controller.m */; };
		85671F6E1021F17900EADED7 /* Level2Controller.xib in Resources */ = {isa = PBXBuildFile; fileRef = 85671F6D1021F17900EADED7 /* Level2Controller.xib */; };
		856720581021FEB700EADED7 /* NotYetImplemented.txt in Resources */ = {isa = PBXBuildFile; fileRef = 856720571021FEB700EADED7 /* NotYetImplemented.txt */; };
		856720711021FF5C00EADED7 /* BakingIngredients.txt in Resources */ = {isa = PBXBuildFile; fileRef = 856720701021FF5C00EADED7 /* BakingIngredients.txt */; };
		856720861022003400EADED7 /* BabyFoodJarsOrCans.txt in Resources */ = {isa = PBXBuildFile; fileRef = 856720851022003400EADED7 /* BabyFoodJarsOrCans.txt */; };
		85672099102200A300EADED7 /* Cerealdrymixed.html in Resources */ = {isa = PBXBuildFile; fileRef = 85672098102200A300EADED7 /* Cerealdrymixed.html */; };
		856720BA1022053B00EADED7 /* Fruits.txt in Resources */ = {isa = PBXBuildFile; fileRef = 856720B91022053B00EADED7 /* Fruits.txt */; };
		856720BE1022057E00EADED7 /* Vegetables.txt in Resources */ = {isa = PBXBuildFile; fileRef = 856720BD1022057E00EADED7 /* Vegetables.txt */; };
		8567B41B1020F15600119B18 /* Apples.html in Resources */ = {isa = PBXBuildFile; fileRef = 8567B41A1020F15600119B18 /* Apples.html */; };
		85C826DF101F6F57002507DA /* DetailViewController.m in Sources */ = {isa = PBXBuildFile; fileRef = 85C826DE101F6F57002507DA /* DetailViewController.m */; };
		85CCC5F9101F7B6D0099973D /* DetailView1.xib in Resources */ = {isa = PBXBuildFile; fileRef = 85CCC5F8101F7B6D0099973D /* DetailView1.xib */; };
/* End PBXBuildFile section */

/* Begin PBXFileReference section */
		1D30AB110D05D00D00671497 /* Foundation.framework */ = {isa = PBXFileReference; lastKnownFileType = wrapper.framework; name = Foundation.framework; path = System/Library/Frameworks/Foundation.framework; sourceTree = SDKROOT; };
		1D3623240D0F684500981E51 /* Keeping_Food_Safe_and_FreshAppDelegate.h */ = {isa = PBXFileReference; fileEncoding = 4; lastKnownFileType = sourcecode.c.h; path = Keeping_Food_Safe_and_FreshAppDelegate.h; sourceTree = "<group>"; };
		1D3623250D0F684500981E51 /* Keeping_Food_Safe_and_FreshAppDelegate.m */ = {isa = PBXFileReference; fileEncoding = 4; lastKnownFileType = sourcecode.c.objc; path = Keeping_Food_Safe_and_FreshAppDelegate.m; sourceTree = "<group>"; };
		1D6058910D05DD3D006BFB54 /* Keeping Food Safe and Fresh.app */ = {isa = PBXFileReference; explicitFileType = wrapper.application; includeInIndex = 0; path = "Keeping Food Safe and Fresh.app"; sourceTree = BUILT_PRODUCTS_DIR; };
		1DF5F4DF0D08C38300B7A737 /* UIKit.framework */ = {isa = PBXFileReference; lastKnownFileType = wrapper.framework; name = UIKit.framework; path = System/Library/Frameworks/UIKit.framework; sourceTree = SDKROOT; };
		2892E40F0DC94CBA00A64D0F /* CoreGraphics.framework */ = {isa = PBXFileReference; lastKnownFileType = wrapper.framework; name = CoreGraphics.framework; path = System/Library/Frameworks/CoreGraphics.framework; sourceTree = SDKROOT; };
		2899E55F0DE3E45000AC0155 /* RootViewController.xib */ = {isa = PBXFileReference; lastKnownFileType = file.xib; path = RootViewController.xib; sourceTree = "<group>"; };
		28A0AAE50D9B0CCF005BE974 /* Keeping_Food_Safe_and_Fresh_Prefix.pch */ = {isa = PBXFileReference; fileEncoding = 4; lastKnownFileType = sourcecode.c.h; path = Keeping_Food_Safe_and_Fresh_Prefix.pch; sourceTree = "<group>"; };
		28AD735F0D9D9599002E5188 /* MainWindow.xib */ = {isa = PBXFileReference; lastKnownFileType = file.xib; path = MainWindow.xib; sourceTree = "<group>"; };
		28C286DF0D94DF7D0034E888 /* RootViewController.h */ = {isa = PBXFileReference; fileEncoding = 4; lastKnownFileType = sourcecode.c.h; path = RootViewController.h; sourceTree = "<group>"; };
		28C286E00D94DF7D0034E888 /* RootViewController.m */ = {isa = PBXFileReference; fileEncoding = 4; lastKnownFileType = sourcecode.c.objc; path = RootViewController.m; sourceTree = "<group>"; };
		29B97316FDCFA39411CA2CEA /* main.m */ = {isa = PBXFileReference; fileEncoding = 4; lastKnownFileType = sourcecode.c.objc; path = main.m; sourceTree = "<group>"; };
		7C1411451A86DE9F00EC3821 /* Default-568h@2x.png */ = {isa = PBXFileReference; lastKnownFileType = image.png; path = "Default-568h@2x.png"; sourceTree = "<group>"; };
		7C1411471A86E2A200EC3821 /* Warnings.xcconfig */ = {isa = PBXFileReference; fileEncoding = 4; lastKnownFileType = text.xcconfig; path = Warnings.xcconfig; sourceTree = "<group>"; };
		8508BC511129C8D100A89EBC /* Icon.png */ = {isa = PBXFileReference; lastKnownFileType = image.png; path = Icon.png; sourceTree = "<group>"; };
		851781B1102A2BE2009DE18C /* libsqlite3.0.dylib */ = {isa = PBXFileReference; lastKnownFileType = "compiled.mach-o.dylib"; name = libsqlite3.0.dylib; path = usr/lib/libsqlite3.0.dylib; sourceTree = SDKROOT; };
		85229DC110A2254400F7FEA1 /* Apples.png */ = {isa = PBXFileReference; lastKnownFileType = image.png; name = Apples.png; path = png/Apples.png; sourceTree = "<group>"; };
		85229DC210A2254400F7FEA1 /* Apricots.png */ = {isa = PBXFileReference; lastKnownFileType = image.png; name = Apricots.png; path = png/Apricots.png; sourceTree = "<group>"; };
		85229DC410A2254400F7FEA1 /* Bananas.png */ = {isa = PBXFileReference; lastKnownFileType = image.png; name = Bananas.png; path = png/Bananas.png; sourceTree = "<group>"; };
		85229DC610A2254400F7FEA1 /* Cantaloupe.png */ = {isa = PBXFileReference; lastKnownFileType = image.png; name = Cantaloupe.png; path = png/Cantaloupe.png; sourceTree = "<group>"; };
		85229DC710A2254400F7FEA1 /* Cherries.png */ = {isa = PBXFileReference; lastKnownFileType = image.png; name = Cherries.png; path = png/Cherries.png; sourceTree = "<group>"; };
		85229DCA10A2254400F7FEA1 /* Grapes.png */ = {isa = PBXFileReference; lastKnownFileType = image.png; name = Grapes.png; path = png/Grapes.png; sourceTree = "<group>"; };
		85229DCC10A2254400F7FEA1 /* Kiwi.png */ = {isa = PBXFileReference; lastKnownFileType = image.png; name = Kiwi.png; path = png/Kiwi.png; sourceTree = "<group>"; };
		85229DCD10A2254400F7FEA1 /* Lemons.png */ = {isa = PBXFileReference; lastKnownFileType = image.png; name = Lemons.png; path = png/Lemons.png; sourceTree = "<group>"; };
		85229DCE10A2254400F7FEA1 /* Limes.png */ = {isa = PBXFileReference; lastKnownFileType = image.png; name = Limes.png; path = png/Limes.png; sourceTree = "<group>"; };
		85229DCF10A2254400F7FEA1 /* Mango.png */ = {isa = PBXFileReference; lastKnownFileType = image.png; name = Mango.png; path = png/Mango.png; sourceTree = "<group>"; };
		85229DD010A2254400F7FEA1 /* Nectarines.png */ = {isa = PBXFileReference; lastKnownFileType = image.png; name = Nectarines.png; path = png/Nectarines.png; sourceTree = "<group>"; };
		85229DD110A2254400F7FEA1 /* Oranges.png */ = {isa = PBXFileReference; lastKnownFileType = image.png; name = Oranges.png; path = png/Oranges.png; sourceTree = "<group>"; };
		85229DD210A2254400F7FEA1 /* Papaya.png */ = {isa = PBXFileReference; lastKnownFileType = image.png; name = Papaya.png; path = png/Papaya.png; sourceTree = "<group>"; };
		85229DD310A2254400F7FEA1 /* Peaches.png */ = {isa = PBXFileReference; lastKnownFileType = image.png; name = Peaches.png; path = png/Peaches.png; sourceTree = "<group>"; };
		85229DD410A2254400F7FEA1 /* Pears.png */ = {isa = PBXFileReference; lastKnownFileType = image.png; name = Pears.png; path = png/Pears.png; sourceTree = "<group>"; };
		85229DD510A2254400F7FEA1 /* Pineapples.png */ = {isa = PBXFileReference; lastKnownFileType = image.png; name = Pineapples.png; path = png/Pineapples.png; sourceTree = "<group>"; };
		85229DD610A2254400F7FEA1 /* Plums.png */ = {isa = PBXFileReference; lastKnownFileType = image.png; name = Plums.png; path = png/Plums.png; sourceTree = "<group>"; };
		85229DD710A2254400F7FEA1 /* Strawberries.png */ = {isa = PBXFileReference; lastKnownFileType = image.png; name = Strawberries.png; path = png/Strawberries.png; sourceTree = "<group>"; };
		85229DD810A2254400F7FEA1 /* Tangerines.png */ = {isa = PBXFileReference; lastKnownFileType = image.png; name = Tangerines.png; path = png/Tangerines.png; sourceTree = "<group>"; };
		85229DD910A2254400F7FEA1 /* Watermelon.png */ = {isa = PBXFileReference; lastKnownFileType = image.png; name = Watermelon.png; path = png/Watermelon.png; sourceTree = "<group>"; };
		85229DF810A2269C00F7FEA1 /* Avocados.png */ = {isa = PBXFileReference; lastKnownFileType = image.png; name = Avocados.png; path = png/Avocados.png; sourceTree = "<group>"; };
		85229DF910A2269C00F7FEA1 /* Berriesstrawberriesarelistedseparately.png */ = {isa = PBXFileReference; lastKnownFileType = image.png; name = Berriesstrawberriesarelistedseparately.png; path = png/Berriesstrawberriesarelistedseparately.png; sourceTree = "<group>"; };
		85229DFA10A2269C00F7FEA1 /* CoconutsFresh.png */ = {isa = PBXFileReference; lastKnownFileType = image.png; name = CoconutsFresh.png; path = png/CoconutsFresh.png; sourceTree = "<group>"; };
		85229DFB10A2269C00F7FEA1 /* Grapefruit.png */ = {isa = PBXFileReference; lastKnownFileType = image.png; name = Grapefruit.png; path = png/Grapefruit.png; sourceTree = "<group>"; };
		85229DFC10A2269C00F7FEA1 /* HoneydewMelon.png */ = {isa = PBXFileReference; lastKnownFileType = image.png; name = HoneydewMelon.png; path = png/HoneydewMelon.png; sourceTree = "<group>"; };
		85229E0910A23A0D00F7FEA1 /* ArtichokesWhole.png */ = {isa = PBXFileReference; lastKnownFileType = image.png; name = ArtichokesWhole.png; path = png/ArtichokesWhole.png; sourceTree = "<group>"; };
		85229E0A10A23A0D00F7FEA1 /* Asparagus.png */ = {isa = PBXFileReference; lastKnownFileType = image.png; name = Asparagus.png; path = png/Asparagus.png; sourceTree = "<group>"; };
		85229E0B10A23A0D00F7FEA1 /* BeansGreenSnapWax.png */ = {isa = PBXFileReference; lastKnownFileType = image.png; name = BeansGreenSnapWax.png; path = png/BeansGreenSnapWax.png; sourceTree = "<group>"; };
		85229E0C10A23A0D00F7FEA1 /* Beets.png */ = {isa = PBXFileReference; lastKnownFileType = image.png; name = Beets.png; path = png/Beets.png; sourceTree = "<group>"; };
		85229E0D10A23A0D00F7FEA1 /* Bokchoy.png */ = {isa = PBXFileReference; lastKnownFileType = image.png; name = Bokchoy.png; path = png/Bokchoy.png; sourceTree = "<group>"; };
		85229E0E10A23A0D00F7FEA1 /* Broccoli.png */ = {isa = PBXFileReference; lastKnownFileType = image.png; name = Broccoli.png; path = png/Broccoli.png; sourceTree = "<group>"; };
		85229E0F10A23A0D00F7FEA1 /* BrusselsSprouts.png */ = {isa = PBXFileReference; lastKnownFileType = image.png; name = BrusselsSprouts.png; path = png/BrusselsSprouts.png; sourceTree = "<group>"; };
		85229E1010A23A0D00F7FEA1 /* CabbageGreenRed.png */ = {isa = PBXFileReference; lastKnownFileType = image.png; name = CabbageGreenRed.png; path = png/CabbageGreenRed.png; sourceTree = "<group>"; };
		85229E1110A23A0D00F7FEA1 /* Carrots.png */ = {isa = PBXFileReference; lastKnownFileType = image.png; name = Carrots.png; path = png/Carrots.png; sourceTree = "<group>"; };
		85229E1210A23A0D00F7FEA1 /* Cauliflower.png */ = {isa = PBXFileReference; lastKnownFileType = image.png; name = Cauliflower.png; path = png/Cauliflower.png; sourceTree = "<group>"; };
		85229E1310A23A0D00F7FEA1 /* Celery.png */ = {isa = PBXFileReference; lastKnownFileType = image.png; name = Celery.png; path = png/Celery.png; sourceTree = "<group>"; };
		85229E1410A23A0D00F7FEA1 /* Cornonthecob.png */ = {isa = PBXFileReference; lastKnownFileType = image.png; name = Cornonthecob.png; path = png/Cornonthecob.png; sourceTree = "<group>"; };
		85229E1510A23A0D00F7FEA1 /* Cucumbers.png */ = {isa = PBXFileReference; lastKnownFileType = image.png; name = Cucumbers.png; path = png/Cucumbers.png; sourceTree = "<group>"; };
		85229E1610A23A0D00F7FEA1 /* Eggplant.png */ = {isa = PBXFileReference; lastKnownFileType = image.png; name = Eggplant.png; path = png/Eggplant.png; sourceTree = "<group>"; };
		85229E1710A23A0D00F7FEA1 /* Garlic.png */ = {isa = PBXFileReference; lastKnownFileType = image.png; name = Garlic.png; path = png/Garlic.png; sourceTree = "<group>"; };
		85229E1810A23A0D00F7FEA1 /* GingerRoot.png */ = {isa = PBXFileReference; lastKnownFileType = image.png; name = GingerRoot.png; path = png/GingerRoot.png; sourceTree = "<group>"; };
		85229E1910A23A0D00F7FEA1 /* GreensLeafy.png */ = {isa = PBXFileReference; lastKnownFileType = image.png; name = GreensLeafy.png; path = png/GreensLeafy.png; sourceTree = "<group>"; };
		85229E1A10A23A0D00F7FEA1 /* HerbsFresh.png */ = {isa = PBXFileReference; lastKnownFileType = image.png; name = HerbsFresh.png; path = png/HerbsFresh.png; sourceTree = "<group>"; };
		85229E1B10A23A0D00F7FEA1 /* Leeks.png */ = {isa = PBXFileReference; lastKnownFileType = image.png; name = Leeks.png; path = png/Leeks.png; sourceTree = "<group>"; };
		85229E1C10A23A0D00F7FEA1 /* LettuceIceberg.png */ = {isa = PBXFileReference; lastKnownFileType = image.png; name = LettuceIceberg.png; path = png/LettuceIceberg.png; sourceTree = "<group>"; };
		85229E1F10A23A0D00F7FEA1 /* LettuceRomaine.png */ = {isa = PBXFileReference; lastKnownFileType = image.png; name = LettuceRomaine.png; path = png/LettuceRomaine.png; sourceTree = "<group>"; };
		85229E2010A23A0D00F7FEA1 /* Mushrooms.png */ = {isa = PBXFileReference; lastKnownFileType = image.png; name = Mushrooms.png; path = png/Mushrooms.png; sourceTree = "<group>"; };
		85229E2110A23A0D00F7FEA1 /* Okra.png */ = {isa = PBXFileReference; lastKnownFileType = image.png; name = Okra.png; path = png/Okra.png; sourceTree = "<group>"; };
		85229E2310A23A0D00F7FEA1 /* OnionsGreenscallions.png */ = {isa = PBXFileReference; lastKnownFileType = image.png; name = OnionsGreenscallions.png; path = png/OnionsGreenscallions.png; sourceTree = "<group>"; };
		85229E2410A23A0D00F7FEA1 /* Parsley.png */ = {isa = PBXFileReference; lastKnownFileType = image.png; name = Parsley.png; path = png/Parsley.png; sourceTree = "<group>"; };
		85229E2510A23A0D00F7FEA1 /* Parsnips.png */ = {isa = PBXFileReference; lastKnownFileType = image.png; name = Parsnips.png; path = png/Parsnips.png; sourceTree = "<group>"; };
		85229E2610A23A0D00F7FEA1 /* PeppersBellChili.png */ = {isa = PBXFileReference; lastKnownFileType = image.png; name = PeppersBellChili.png; path = png/PeppersBellChili.png; sourceTree = "<group>"; };
		85229E2710A23A0D00F7FEA1 /* Potatoes.png */ = {isa = PBXFileReference; lastKnownFileType = image.png; name = Potatoes.png; path = png/Potatoes.png; sourceTree = "<group>"; };
		85229E2910A23A0D00F7FEA1 /* Radishes.png */ = {isa = PBXFileReference; lastKnownFileType = image.png; name = Radishes.png; path = png/Radishes.png; sourceTree = "<group>"; };
		85229E2A10A23A0D00F7FEA1 /* Rutabagas.png */ = {isa = PBXFileReference; lastKnownFileType = image.png; name = Rutabagas.png; path = png/Rutabagas.png; sourceTree = "<group>"; };
		85229E2B10A23A0D00F7FEA1 /* SpinachLeaf.png */ = {isa = PBXFileReference; lastKnownFileType = image.png; name = SpinachLeaf.png; path = png/SpinachLeaf.png; sourceTree = "<group>"; };
		85229E2C10A23A0D00F7FEA1 /* SquashSummer.png */ = {isa = PBXFileReference; lastKnownFileType = image.png; name = SquashSummer.png; path = png/SquashSummer.png; sourceTree = "<group>"; };
		85229E2D10A23A0D00F7FEA1 /* SquashWinter.png */ = {isa = PBXFileReference; lastKnownFileType = image.png; name = SquashWinter.png; path = png/SquashWinter.png; sourceTree = "<group>"; };
		85229E2E10A23A0D00F7FEA1 /* Tomatoes.png */ = {isa = PBXFileReference; lastKnownFileType = image.png; name = Tomatoes.png; path = png/Tomatoes.png; sourceTree = "<group>"; };
		85229E2F10A23A0D00F7FEA1 /* Turnips.png */ = {isa = PBXFileReference; lastKnownFileType = image.png; name = Turnips.png; path = png/Turnips.png; sourceTree = "<group>"; };
		85229E6110A23C2D00F7FEA1 /* LettuceLeafincludesseveralvarieties.png */ = {isa = PBXFileReference; lastKnownFileType = image.png; name = LettuceLeafincludesseveralvarieties.png; path = png/LettuceLeafincludesseveralvarieties.png; sourceTree = "<group>"; };
		85229E6210A23C2D00F7FEA1 /* LettucePackagedPre-WashedandCut.png */ = {isa = PBXFileReference; lastKnownFileType = image.png; name = "LettucePackagedPre-WashedandCut.png"; path = "png/LettucePackagedPre-WashedandCut.png"; sourceTree = "<group>"; };
		85229E6310A23C2D00F7FEA1 /* OnionsDryyellowwhiteandred.png */ = {isa = PBXFileReference; lastKnownFileType = image.png; name = OnionsDryyellowwhiteandred.png; path = png/OnionsDryyellowwhiteandred.png; sourceTree = "<group>"; };
		85229E6410A23C2D00F7FEA1 /* PotatoesSweet.png */ = {isa = PBXFileReference; lastKnownFileType = image.png; name = PotatoesSweet.png; path = png/PotatoesSweet.png; sourceTree = "<group>"; };
		8527A6BC101F9F92001CBFF9 /* ArtichokesWhole.html */ = {isa = PBXFileReference; fileEncoding = 4; lastKnownFileType = text.html; path = ArtichokesWhole.html; sourceTree = "<group>"; };
		853766F1102108FB007C138D /* NotYetImplemented.html */ = {isa = PBXFileReference; fileEncoding = 4; lastKnownFileType = text.html; path = NotYetImplemented.html; sourceTree = "<group>"; };
		8537672010210E19007C138D /* Apricots.html */ = {isa = PBXFileReference; fileEncoding = 4; lastKnownFileType = text.html; path = Apricots.html; sourceTree = "<group>"; };
		8537675F10210E70007C138D /* Asparagus.html */ = {isa = PBXFileReference; fileEncoding = 4; lastKnownFileType = text.html; path = Asparagus.html; sourceTree = "<group>"; };
		855F31D2102B572D003B6D6F /* FoodSafety.sqlite */ = {isa = PBXFileReference; lastKnownFileType = file; path = FoodSafety.sqlite; sourceTree = "<group>"; };
		8564E5761027638D0069D9C4 /* Categories.plist */ = {isa = PBXFileReference; fileEncoding = 4; lastKnownFileType = text.plist.xml; path = Categories.plist; sourceTree = "<group>"; };
		85671F611021EF6700EADED7 /* Level2Controller.h */ = {isa = PBXFileReference; fileEncoding = 4; lastKnownFileType = sourcecode.c.h; path = Level2Controller.h; sourceTree = "<group>"; };
		85671F621021EF6700EADED7 /* Level2Controller.m */ = {isa = PBXFileReference; fileEncoding = 4; lastKnownFileType = sourcecode.c.objc; path = Level2Controller.m; sourceTree = "<group>"; };
		85671F6D1021F17900EADED7 /* Level2Controller.xib */ = {isa = PBXFileReference; lastKnownFileType = file.xib; path = Level2Controller.xib; sourceTree = "<group>"; };
		856720571021FEB700EADED7 /* NotYetImplemented.txt */ = {isa = PBXFileReference; fileEncoding = 4; lastKnownFileType = text; path = NotYetImplemented.txt; sourceTree = "<group>"; };
		856720701021FF5C00EADED7 /* BakingIngredients.txt */ = {isa = PBXFileReference; fileEncoding = 4; lastKnownFileType = text; path = BakingIngredients.txt; sourceTree = "<group>"; };
		856720851022003400EADED7 /* BabyFoodJarsOrCans.txt */ = {isa = PBXFileReference; fileEncoding = 4; lastKnownFileType = text; path = BabyFoodJarsOrCans.txt; sourceTree = "<group>"; };
		85672098102200A300EADED7 /* Cerealdrymixed.html */ = {isa = PBXFileReference; fileEncoding = 4; lastKnownFileType = text.html; path = Cerealdrymixed.html; sourceTree = "<group>"; };
		856720B91022053B00EADED7 /* Fruits.txt */ = {isa = PBXFileReference; fileEncoding = 4; lastKnownFileType = text; path = Fruits.txt; sourceTree = "<group>"; };
		856720BD1022057E00EADED7 /* Vegetables.txt */ = {isa = PBXFileReference; fileEncoding = 4; lastKnownFileType = text; path = Vegetables.txt; sourceTree = "<group>"; };
		8567B41A1020F15600119B18 /* Apples.html */ = {isa = PBXFileReference; fileEncoding = 4; lastKnownFileType = text.html; path = Apples.html; sourceTree = "<group>"; };
		85C826DD101F6F57002507DA /* DetailViewController.h */ = {isa = PBXFileReference; fileEncoding = 4; lastKnownFileType = sourcecode.c.h; path = DetailViewController.h; sourceTree = "<group>"; };
		85C826DE101F6F57002507DA /* DetailViewController.m */ = {isa = PBXFileReference; fileEncoding = 4; lastKnownFileType = sourcecode.c.objc; path = DetailViewController.m; sourceTree = "<group>"; };
		85CCC5F8101F7B6D0099973D /* DetailView1.xib */ = {isa = PBXFileReference; lastKnownFileType = file.xib; path = DetailView1.xib; sourceTree = "<group>"; };
		8D1107310486CEB800E47090 /* Info.plist */ = {isa = PBXFileReference; fileEncoding = 4; lastKnownFileType = text.plist.xml; path = Info.plist; sourceTree = "<group>"; };
/* End PBXFileReference section */

/* Begin PBXFrameworksBuildPhase section */
		1D60588F0D05DD3D006BFB54 /* Frameworks */ = {
			isa = PBXFrameworksBuildPhase;
			buildActionMask = 2147483647;
			files = (
				1D60589F0D05DD5A006BFB54 /* Foundation.framework in Frameworks */,
				1DF5F4E00D08C38300B7A737 /* UIKit.framework in Frameworks */,
				2892E4100DC94CBA00A64D0F /* CoreGraphics.framework in Frameworks */,
				851781B2102A2BE2009DE18C /* libsqlite3.0.dylib in Frameworks */,
			);
			runOnlyForDeploymentPostprocessing = 0;
		};
/* End PBXFrameworksBuildPhase section */

/* Begin PBXGroup section */
		080E96DDFE201D6D7F000001 /* Classes */ = {
			isa = PBXGroup;
			children = (
				1D3623240D0F684500981E51 /* Keeping_Food_Safe_and_FreshAppDelegate.h */,
				1D3623250D0F684500981E51 /* Keeping_Food_Safe_and_FreshAppDelegate.m */,
				28C286DF0D94DF7D0034E888 /* RootViewController.h */,
				28C286E00D94DF7D0034E888 /* RootViewController.m */,
				85671F611021EF6700EADED7 /* Level2Controller.h */,
				85671F621021EF6700EADED7 /* Level2Controller.m */,
				85C826DD101F6F57002507DA /* DetailViewController.h */,
				85C826DE101F6F57002507DA /* DetailViewController.m */,
			);
			path = Classes;
			sourceTree = "<group>";
		};
		19C28FACFE9D520D11CA2CBB /* Products */ = {
			isa = PBXGroup;
			children = (
				1D6058910D05DD3D006BFB54 /* Keeping Food Safe and Fresh.app */,
			);
			name = Products;
			sourceTree = "<group>";
		};
		29B97314FDCFA39411CA2CEA /* CustomTemplate */ = {
			isa = PBXGroup;
			children = (
				7C1411471A86E2A200EC3821 /* Warnings.xcconfig */,
				7C1411451A86DE9F00EC3821 /* Default-568h@2x.png */,
				080E96DDFE201D6D7F000001 /* Classes */,
				29B97315FDCFA39411CA2CEA /* Other Sources */,
				29B97317FDCFA39411CA2CEA /* Resources */,
				29B97323FDCFA39411CA2CEA /* Frameworks */,
				19C28FACFE9D520D11CA2CBB /* Products */,
			);
			name = CustomTemplate;
			sourceTree = "<group>";
		};
		29B97315FDCFA39411CA2CEA /* Other Sources */ = {
			isa = PBXGroup;
			children = (
				28A0AAE50D9B0CCF005BE974 /* Keeping_Food_Safe_and_Fresh_Prefix.pch */,
				29B97316FDCFA39411CA2CEA /* main.m */,
			);
			name = "Other Sources";
			sourceTree = "<group>";
		};
		29B97317FDCFA39411CA2CEA /* Resources */ = {
			isa = PBXGroup;
			children = (
				8508BC511129C8D100A89EBC /* Icon.png */,
				855F31D2102B572D003B6D6F /* FoodSafety.sqlite */,
				8564E49810273BE40069D9C4 /* html */,
				8564E49510273BB10069D9C4 /* txt */,
				8564E48010273B790069D9C4 /* png */,
				28AD735F0D9D9599002E5188 /* MainWindow.xib */,
				2899E55F0DE3E45000AC0155 /* RootViewController.xib */,
				85671F6D1021F17900EADED7 /* Level2Controller.xib */,
				85CCC5F8101F7B6D0099973D /* DetailView1.xib */,
				8D1107310486CEB800E47090 /* Info.plist */,
				8564E5761027638D0069D9C4 /* Categories.plist */,
			);
			name = Resources;
			sourceTree = "<group>";
		};
		29B97323FDCFA39411CA2CEA /* Frameworks */ = {
			isa = PBXGroup;
			children = (
				851781B1102A2BE2009DE18C /* libsqlite3.0.dylib */,
				1DF5F4DF0D08C38300B7A737 /* UIKit.framework */,
				1D30AB110D05D00D00671497 /* Foundation.framework */,
				2892E40F0DC94CBA00A64D0F /* CoreGraphics.framework */,
			);
			name = Frameworks;
			sourceTree = "<group>";
		};
		8564E48010273B790069D9C4 /* png */ = {
			isa = PBXGroup;
			children = (
				85229E6110A23C2D00F7FEA1 /* LettuceLeafincludesseveralvarieties.png */,
				85229E6210A23C2D00F7FEA1 /* LettucePackagedPre-WashedandCut.png */,
				85229E6310A23C2D00F7FEA1 /* OnionsDryyellowwhiteandred.png */,
				85229E6410A23C2D00F7FEA1 /* PotatoesSweet.png */,
				85229E0910A23A0D00F7FEA1 /* ArtichokesWhole.png */,
				85229E0A10A23A0D00F7FEA1 /* Asparagus.png */,
				85229E0B10A23A0D00F7FEA1 /* BeansGreenSnapWax.png */,
				85229E0C10A23A0D00F7FEA1 /* Beets.png */,
				85229E0D10A23A0D00F7FEA1 /* Bokchoy.png */,
				85229E0E10A23A0D00F7FEA1 /* Broccoli.png */,
				85229E0F10A23A0D00F7FEA1 /* BrusselsSprouts.png */,
				85229E1010A23A0D00F7FEA1 /* CabbageGreenRed.png */,
				85229E1110A23A0D00F7FEA1 /* Carrots.png */,
				85229E1210A23A0D00F7FEA1 /* Cauliflower.png */,
				85229E1310A23A0D00F7FEA1 /* Celery.png */,
				85229E1410A23A0D00F7FEA1 /* Cornonthecob.png */,
				85229E1510A23A0D00F7FEA1 /* Cucumbers.png */,
				85229E1610A23A0D00F7FEA1 /* Eggplant.png */,
				85229E1710A23A0D00F7FEA1 /* Garlic.png */,
				85229E1810A23A0D00F7FEA1 /* GingerRoot.png */,
				85229E1910A23A0D00F7FEA1 /* GreensLeafy.png */,
				85229E1A10A23A0D00F7FEA1 /* HerbsFresh.png */,
				85229E1B10A23A0D00F7FEA1 /* Leeks.png */,
				85229E1C10A23A0D00F7FEA1 /* LettuceIceberg.png */,
				85229E1F10A23A0D00F7FEA1 /* LettuceRomaine.png */,
				85229E2010A23A0D00F7FEA1 /* Mushrooms.png */,
				85229E2110A23A0D00F7FEA1 /* Okra.png */,
				85229E2310A23A0D00F7FEA1 /* OnionsGreenscallions.png */,
				85229E2410A23A0D00F7FEA1 /* Parsley.png */,
				85229E2510A23A0D00F7FEA1 /* Parsnips.png */,
				85229E2610A23A0D00F7FEA1 /* PeppersBellChili.png */,
				85229E2710A23A0D00F7FEA1 /* Potatoes.png */,
				85229E2910A23A0D00F7FEA1 /* Radishes.png */,
				85229E2A10A23A0D00F7FEA1 /* Rutabagas.png */,
				85229E2B10A23A0D00F7FEA1 /* SpinachLeaf.png */,
				85229E2C10A23A0D00F7FEA1 /* SquashSummer.png */,
				85229E2D10A23A0D00F7FEA1 /* SquashWinter.png */,
				85229E2E10A23A0D00F7FEA1 /* Tomatoes.png */,
				85229E2F10A23A0D00F7FEA1 /* Turnips.png */,
				85229DF810A2269C00F7FEA1 /* Avocados.png */,
				85229DF910A2269C00F7FEA1 /* Berriesstrawberriesarelistedseparately.png */,
				85229DFA10A2269C00F7FEA1 /* CoconutsFresh.png */,
				85229DFB10A2269C00F7FEA1 /* Grapefruit.png */,
				85229DFC10A2269C00F7FEA1 /* HoneydewMelon.png */,
				85229DC110A2254400F7FEA1 /* Apples.png */,
				85229DC210A2254400F7FEA1 /* Apricots.png */,
				85229DC410A2254400F7FEA1 /* Bananas.png */,
				85229DC610A2254400F7FEA1 /* Cantaloupe.png */,
				85229DC710A2254400F7FEA1 /* Cherries.png */,
				85229DCA10A2254400F7FEA1 /* Grapes.png */,
				85229DCC10A2254400F7FEA1 /* Kiwi.png */,
				85229DCD10A2254400F7FEA1 /* Lemons.png */,
				85229DCE10A2254400F7FEA1 /* Limes.png */,
				85229DCF10A2254400F7FEA1 /* Mango.png */,
				85229DD010A2254400F7FEA1 /* Nectarines.png */,
				85229DD110A2254400F7FEA1 /* Oranges.png */,
				85229DD210A2254400F7FEA1 /* Papaya.png */,
				85229DD310A2254400F7FEA1 /* Peaches.png */,
				85229DD410A2254400F7FEA1 /* Pears.png */,
				85229DD510A2254400F7FEA1 /* Pineapples.png */,
				85229DD610A2254400F7FEA1 /* Plums.png */,
				85229DD710A2254400F7FEA1 /* Strawberries.png */,
				85229DD810A2254400F7FEA1 /* Tangerines.png */,
				85229DD910A2254400F7FEA1 /* Watermelon.png */,
			);
			name = png;
			sourceTree = "<group>";
		};
		8564E49510273BB10069D9C4 /* txt */ = {
			isa = PBXGroup;
			children = (
				856720571021FEB700EADED7 /* NotYetImplemented.txt */,
				856720B91022053B00EADED7 /* Fruits.txt */,
				856720851022003400EADED7 /* BabyFoodJarsOrCans.txt */,
				856720BD1022057E00EADED7 /* Vegetables.txt */,
				856720701021FF5C00EADED7 /* BakingIngredients.txt */,
			);
			name = txt;
			sourceTree = "<group>";
		};
		8564E49810273BE40069D9C4 /* html */ = {
			isa = PBXGroup;
			children = (
				85672098102200A300EADED7 /* Cerealdrymixed.html */,
				853766F1102108FB007C138D /* NotYetImplemented.html */,
				8567B41A1020F15600119B18 /* Apples.html */,
				8537672010210E19007C138D /* Apricots.html */,
				8527A6BC101F9F92001CBFF9 /* ArtichokesWhole.html */,
				8537675F10210E70007C138D /* Asparagus.html */,
			);
			name = html;
			sourceTree = "<group>";
		};
/* End PBXGroup section */

/* Begin PBXNativeTarget section */
		1D6058900D05DD3D006BFB54 /* Keeping Food Safe and Fresh */ = {
			isa = PBXNativeTarget;
			buildConfigurationList = 1D6058960D05DD3E006BFB54 /* Build configuration list for PBXNativeTarget "Keeping Food Safe and Fresh" */;
			buildPhases = (
				1D60588D0D05DD3D006BFB54 /* Resources */,
				1D60588E0D05DD3D006BFB54 /* Sources */,
				1D60588F0D05DD3D006BFB54 /* Frameworks */,
			);
			buildRules = (
			);
			dependencies = (
			);
			name = "Keeping Food Safe and Fresh";
			productName = "Keeping Food Safe and Fresh";
			productReference = 1D6058910D05DD3D006BFB54 /* Keeping Food Safe and Fresh.app */;
			productType = "com.apple.product-type.application";
		};
/* End PBXNativeTarget section */

/* Begin PBXProject section */
		29B97313FDCFA39411CA2CEA /* Project object */ = {
			isa = PBXProject;
			attributes = {
				LastUpgradeCheck = 0610;
			};
			buildConfigurationList = C01FCF4E08A954540054247B /* Build configuration list for PBXProject "Keeping Food Safe and Fresh" */;
			compatibilityVersion = "Xcode 3.2";
			developmentRegion = English;
			hasScannedForEncodings = 1;
			knownRegions = (
				English,
				Japanese,
				French,
				German,
				en,
			);
			mainGroup = 29B97314FDCFA39411CA2CEA /* CustomTemplate */;
			projectDirPath = "";
			projectRoot = "";
			targets = (
				1D6058900D05DD3D006BFB54 /* Keeping Food Safe and Fresh */,
			);
		};
/* End PBXProject section */

/* Begin PBXResourcesBuildPhase section */
		1D60588D0D05DD3D006BFB54 /* Resources */ = {
			isa = PBXResourcesBuildPhase;
			buildActionMask = 2147483647;
			files = (
				28AD73600D9D9599002E5188 /* MainWindow.xib in Resources */,
				2899E5600DE3E45000AC0155 /* RootViewController.xib in Resources */,
				85CCC5F9101F7B6D0099973D /* DetailView1.xib in Resources */,
				8527A6BD101F9F92001CBFF9 /* ArtichokesWhole.html in Resources */,
				8567B41B1020F15600119B18 /* Apples.html in Resources */,
				853766F2102108FB007C138D /* NotYetImplemented.html in Resources */,
				8537672110210E19007C138D /* Apricots.html in Resources */,
				8537676010210E70007C138D /* Asparagus.html in Resources */,
				85671F6E1021F17900EADED7 /* Level2Controller.xib in Resources */,
				856720581021FEB700EADED7 /* NotYetImplemented.txt in Resources */,
				856720711021FF5C00EADED7 /* BakingIngredients.txt in Resources */,
				856720861022003400EADED7 /* BabyFoodJarsOrCans.txt in Resources */,
				7C1411461A86DE9F00EC3821 /* Default-568h@2x.png in Resources */,
				85672099102200A300EADED7 /* Cerealdrymixed.html in Resources */,
				856720BA1022053B00EADED7 /* Fruits.txt in Resources */,
				856720BE1022057E00EADED7 /* Vegetables.txt in Resources */,
				8564E5771027638D0069D9C4 /* Categories.plist in Resources */,
				855F31D3102B572D003B6D6F /* FoodSafety.sqlite in Resources */,
				85229DDA10A2254400F7FEA1 /* Apples.png in Resources */,
				85229DDB10A2254400F7FEA1 /* Apricots.png in Resources */,
				85229DDD10A2254400F7FEA1 /* Bananas.png in Resources */,
				85229DDF10A2254400F7FEA1 /* Cantaloupe.png in Resources */,
				85229DE010A2254400F7FEA1 /* Cherries.png in Resources */,
				85229DE310A2254400F7FEA1 /* Grapes.png in Resources */,
				85229DE510A2254400F7FEA1 /* Kiwi.png in Resources */,
				85229DE610A2254400F7FEA1 /* Lemons.png in Resources */,
				85229DE710A2254400F7FEA1 /* Limes.png in Resources */,
				85229DE810A2254400F7FEA1 /* Mango.png in Resources */,
				85229DE910A2254400F7FEA1 /* Nectarines.png in Resources */,
				85229DEA10A2254400F7FEA1 /* Oranges.png in Resources */,
				85229DEB10A2254400F7FEA1 /* Papaya.png in Resources */,
				85229DEC10A2254400F7FEA1 /* Peaches.png in Resources */,
				85229DED10A2254400F7FEA1 /* Pears.png in Resources */,
				7C1411481A86E2A200EC3821 /* Warnings.xcconfig in Resources */,
				85229DEE10A2254400F7FEA1 /* Pineapples.png in Resources */,
				85229DEF10A2254400F7FEA1 /* Plums.png in Resources */,
				85229DF010A2254400F7FEA1 /* Strawberries.png in Resources */,
				85229DF110A2254400F7FEA1 /* Tangerines.png in Resources */,
				85229DF210A2254400F7FEA1 /* Watermelon.png in Resources */,
				85229DFD10A2269C00F7FEA1 /* Avocados.png in Resources */,
				85229DFE10A2269C00F7FEA1 /* Berriesstrawberriesarelistedseparately.png in Resources */,
				85229DFF10A2269C00F7FEA1 /* CoconutsFresh.png in Resources */,
				85229E0010A2269C00F7FEA1 /* Grapefruit.png in Resources */,
				85229E0110A2269C00F7FEA1 /* HoneydewMelon.png in Resources */,
				85229E3010A23A0D00F7FEA1 /* ArtichokesWhole.png in Resources */,
				85229E3110A23A0D00F7FEA1 /* Asparagus.png in Resources */,
				85229E3210A23A0D00F7FEA1 /* BeansGreenSnapWax.png in Resources */,
				85229E3310A23A0D00F7FEA1 /* Beets.png in Resources */,
				85229E3410A23A0D00F7FEA1 /* Bokchoy.png in Resources */,
				85229E3510A23A0D00F7FEA1 /* Broccoli.png in Resources */,
				85229E3610A23A0D00F7FEA1 /* BrusselsSprouts.png in Resources */,
				85229E3710A23A0D00F7FEA1 /* CabbageGreenRed.png in Resources */,
				85229E3810A23A0D00F7FEA1 /* Carrots.png in Resources */,
				85229E3910A23A0D00F7FEA1 /* Cauliflower.png in Resources */,
				85229E3A10A23A0D00F7FEA1 /* Celery.png in Resources */,
				85229E3B10A23A0D00F7FEA1 /* Cornonthecob.png in Resources */,
				85229E3C10A23A0D00F7FEA1 /* Cucumbers.png in Resources */,
				85229E3D10A23A0D00F7FEA1 /* Eggplant.png in Resources */,
				85229E3E10A23A0D00F7FEA1 /* Garlic.png in Resources */,
				85229E3F10A23A0D00F7FEA1 /* GingerRoot.png in Resources */,
				85229E4010A23A0D00F7FEA1 /* GreensLeafy.png in Resources */,
				85229E4110A23A0D00F7FEA1 /* HerbsFresh.png in Resources */,
				85229E4210A23A0D00F7FEA1 /* Leeks.png in Resources */,
				85229E4310A23A0D00F7FEA1 /* LettuceIceberg.png in Resources */,
				85229E4610A23A0D00F7FEA1 /* LettuceRomaine.png in Resources */,
				85229E4710A23A0D00F7FEA1 /* Mushrooms.png in Resources */,
				85229E4810A23A0D00F7FEA1 /* Okra.png in Resources */,
				85229E4A10A23A0D00F7FEA1 /* OnionsGreenscallions.png in Resources */,
				85229E4B10A23A0D00F7FEA1 /* Parsley.png in Resources */,
				85229E4C10A23A0D00F7FEA1 /* Parsnips.png in Resources */,
				85229E4D10A23A0D00F7FEA1 /* PeppersBellChili.png in Resources */,
				85229E4E10A23A0D00F7FEA1 /* Potatoes.png in Resources */,
				85229E5010A23A0D00F7FEA1 /* Radishes.png in Resources */,
				85229E5110A23A0D00F7FEA1 /* Rutabagas.png in Resources */,
				85229E5210A23A0D00F7FEA1 /* SpinachLeaf.png in Resources */,
				85229E5310A23A0D00F7FEA1 /* SquashSummer.png in Resources */,
				85229E5410A23A0D00F7FEA1 /* SquashWinter.png in Resources */,
				85229E5510A23A0D00F7FEA1 /* Tomatoes.png in Resources */,
				85229E5610A23A0D00F7FEA1 /* Turnips.png in Resources */,
				85229E6510A23C2D00F7FEA1 /* LettuceLeafincludesseveralvarieties.png in Resources */,
				85229E6610A23C2D00F7FEA1 /* LettucePackagedPre-WashedandCut.png in Resources */,
				85229E6710A23C2D00F7FEA1 /* OnionsDryyellowwhiteandred.png in Resources */,
				85229E6810A23C2D00F7FEA1 /* PotatoesSweet.png in Resources */,
				8508BC521129C8D100A89EBC /* Icon.png in Resources */,
			);
			runOnlyForDeploymentPostprocessing = 0;
		};
/* End PBXResourcesBuildPhase section */

/* Begin PBXSourcesBuildPhase section */
		1D60588E0D05DD3D006BFB54 /* Sources */ = {
			isa = PBXSourcesBuildPhase;
			buildActionMask = 2147483647;
			files = (
				1D60589B0D05DD56006BFB54 /* main.m in Sources */,
				1D3623260D0F684500981E51 /* Keeping_Food_Safe_and_FreshAppDelegate.m in Sources */,
				28C286E10D94DF7D0034E888 /* RootViewController.m in Sources */,
				85C826DF101F6F57002507DA /* DetailViewController.m in Sources */,
				85671F631021EF6700EADED7 /* Level2Controller.m in Sources */,
			);
			runOnlyForDeploymentPostprocessing = 0;
		};
/* End PBXSourcesBuildPhase section */

/* Begin XCBuildConfiguration section */
		1D6058940D05DD3E006BFB54 /* Debug */ = {
			isa = XCBuildConfiguration;
			baseConfigurationReference = 7C1411471A86E2A200EC3821 /* Warnings.xcconfig */;
			buildSettings = {
				ALWAYS_SEARCH_USER_PATHS = NO;
				CLANG_STATIC_ANALYZER_MODE = deep;
				COPY_PHASE_STRIP = NO;
				GCC_DYNAMIC_NO_PIC = NO;
				GCC_OPTIMIZATION_LEVEL = 0;
				GCC_PRECOMPILE_PREFIX_HEADER = YES;
				GCC_PREFIX_HEADER = Keeping_Food_Safe_and_Fresh_Prefix.pch;
				INFOPLIST_FILE = Info.plist;
				PRODUCT_NAME = "Keeping Food Safe and Fresh";
				RUN_CLANG_STATIC_ANALYZER = YES;
			};
			name = Debug;
		};
		1D6058950D05DD3E006BFB54 /* Release */ = {
			isa = XCBuildConfiguration;
			buildSettings = {
				ALWAYS_SEARCH_USER_PATHS = NO;
				CLANG_STATIC_ANALYZER_MODE = deep;
				COPY_PHASE_STRIP = YES;
				GCC_PRECOMPILE_PREFIX_HEADER = YES;
				GCC_PREFIX_HEADER = Keeping_Food_Safe_and_Fresh_Prefix.pch;
				INFOPLIST_FILE = Info.plist;
				PRODUCT_NAME = "Keeping Food Safe and Fresh";
				RUN_CLANG_STATIC_ANALYZER = YES;
			};
			name = Release;
		};
		8508BC5A1129C9E500A89EBC /* Distribution */ = {
			isa = XCBuildConfiguration;
			buildSettings = {
				"CODE_SIGN_IDENTITY[sdk=iphoneos*]" = "iPhone Distribution: JacobDavis Productions";
				GCC_C_LANGUAGE_STANDARD = c99;
				GCC_WARN_ABOUT_RETURN_TYPE = YES;
				GCC_WARN_UNUSED_VARIABLE = YES;
				IPHONEOS_DEPLOYMENT_TARGET = 7.0;
				PREBINDING = NO;
				"PROVISIONING_PROFILE[sdk=iphoneos*]" = "D1C256CA-E738-4A11-B2FD-D1B156D819D2";
				SDKROOT = iphoneos;
			};
			name = Distribution;
		};
		8508BC5B1129C9E500A89EBC /* Distribution */ = {
			isa = XCBuildConfiguration;
			buildSettings = {
				ALWAYS_SEARCH_USER_PATHS = NO;
				CLANG_STATIC_ANALYZER_MODE = deep;
				COPY_PHASE_STRIP = YES;
				GCC_PRECOMPILE_PREFIX_HEADER = YES;
				GCC_PREFIX_HEADER = Keeping_Food_Safe_and_Fresh_Prefix.pch;
				INFOPLIST_FILE = Info.plist;
				PRODUCT_NAME = "Keeping Food Safe and Fresh";
				RUN_CLANG_STATIC_ANALYZER = YES;
			};
			name = Distribution;
		};
		C01FCF4F08A954540054247B /* Debug */ = {
			isa = XCBuildConfiguration;
			baseConfigurationReference = 7C1411471A86E2A200EC3821 /* Warnings.xcconfig */;
			buildSettings = {
				"CODE_SIGN_IDENTITY[sdk=iphoneos*]" = "iPhone Developer";
				GCC_C_LANGUAGE_STANDARD = c99;
				GCC_WARN_ABOUT_RETURN_TYPE = YES;
				GCC_WARN_UNUSED_VARIABLE = YES;
				IPHONEOS_DEPLOYMENT_TARGET = 7.0;
				ONLY_ACTIVE_ARCH = YES;
				PREBINDING = NO;
				SDKROOT = iphoneos;
			};
			name = Debug;
		};
		C01FCF5008A954540054247B /* Release */ = {
			isa = XCBuildConfiguration;
			buildSettings = {
				"CODE_SIGN_IDENTITY[sdk=iphoneos*]" = "iPhone Developer";
				GCC_C_LANGUAGE_STANDARD = c99;
				GCC_WARN_ABOUT_RETURN_TYPE = YES;
				GCC_WARN_UNUSED_VARIABLE = YES;
				IPHONEOS_DEPLOYMENT_TARGET = 7.0;
				PREBINDING = NO;
				SDKROOT = iphoneos;
			};
			name = Release;
		};
/* End XCBuildConfiguration section */

/* Begin XCConfigurationList section */
		1D6058960D05DD3E006BFB54 /* Build configuration list for PBXNativeTarget "Keeping Food Safe and Fresh" */ = {
			isa = XCConfigurationList;
			buildConfigurations = (
				1D6058940D05DD3E006BFB54 /* Debug */,
				1D6058950D05DD3E006BFB54 /* Release */,
				8508BC5B1129C9E500A89EBC /* Distribution */,
			);
			defaultConfigurationIsVisible = 0;
			defaultConfigurationName = Release;
		};
		C01FCF4E08A954540054247B /* Build configuration list for PBXProject "Keeping Food Safe and Fresh" */ = {
			isa = XCConfigurationList;
			buildConfigurations = (
				C01FCF4F08A954540054247B /* Debug */,
				C01FCF5008A954540054247B /* Release */,
				8508BC5A1129C9E500A89EBC /* Distribution */,
			);
			defaultConfigurationIsVisible = 0;
			defaultConfigurationName = Release;
		};
/* End XCConfigurationList section */
	};
	rootObject = 29B97313FDCFA39411CA2CEA /* Project object */;
}
